
Microsoft Visual Studio Solution File, Format Version 12.00
# Visual Studio Version 16
VisualStudioVersion = 16.0.29613.14
MinimumVisualStudioVersion = 10.0.40219.1
Project("{FAE04EC0-301F-11D3-BF4B-00C04F79EFBC}") = "Audit.Net.PoC", "Audit.Net.PoC\Audit.Net.PoC.csproj", "{43D53B05-ABD0-426B-9A34-944094894015}"
EndProject
Global
	GlobalSection(SolutionConfigurationPlatforms) = preSolution
		Debug|Any CPU = Debug|Any CPU
		Release|Any CPU = Release|Any CPU
	EndGlobalSection
	GlobalSection(ProjectConfigurationPlatforms) = postSolution
		{43D53B05-ABD0-426B-9A34-944094894015}.Debug|Any CPU.ActiveCfg = Debug|Any CPU
		{43D53B05-ABD0-426B-9A34-944094894015}.Debug|Any CPU.Build.0 = Debug|Any CPU
		{43D53B05-ABD0-426B-9A34-944094894015}.Release|Any CPU.ActiveCfg = Release|Any CPU
		{43D53B05-ABD0-426B-9A34-944094894015}.Release|Any CPU.Build.0 = Release|Any CPU
	EndGlobalSection
	GlobalSection(SolutionProperties) = preSolution
		HideSolutionNode = FALSE
	EndGlobalSection
	GlobalSection(ExtensibilityGlobals) = postSolution
		SolutionGuid = {56F33EAF-CACA-43AB-9CB2-54D2FC93863B}
	EndGlobalSection
EndGlobal
